// !$*UTF8*$!
{
	archiveVersion = 1;
	classes = {
	};
	objectVersion = 46;
	objects = {

/* Begin PBXBuildFile section */
		BEFAFA721D10B25600DADE3F /* main.swift in Sources */ = {isa = PBXBuildFile; fileRef = BEFAFA711D10B25600DADE3F /* main.swift */; };
/* End PBXBuildFile section */

/* Begin PBXCopyFilesBuildPhase section */
		BEFAFA6C1D10B25600DADE3F /* CopyFiles */ = {
			isa = PBXCopyFilesBuildPhase;
			buildActionMask = 2147483647;
			dstPath = /usr/share/man/man1/;
			dstSubfolderSpec = 0;
			files = (
			);
			runOnlyForDeploymentPostprocessing = 1;
		};
/* End PBXCopyFilesBuildPhase section */

/* Begin PBXFileReference section */
		BEFAFA6E1D10B25600DADE3F /* ShoeBoxCloudKitUpdater */ = {isa = PBXFileReference; explicitFileType = "compiled.mach-o.executable"; includeInIndex = 0; path = ShoeBoxCloudKitUpdater; sourceTree = BUILT_PRODUCTS_DIR; };
		BEFAFA711D10B25600DADE3F /* main.swift */ = {isa = PBXFileReference; lastKnownFileType = sourcecode.swift; path = main.swift; sourceTree = "<group>"; };
/* End PBXFileReference section */

/* Begin PBXFrameworksBuildPhase section */
		BEFAFA6B1D10B25600DADE3F /* Frameworks */ = {
			isa = PBXFrameworksBuildPhase;
			buildActionMask = 2147483647;
			files = (
			);
			runOnlyForDeploymentPostprocessing = 0;
		};
/* End PBXFrameworksBuildPhase section */

/* Begin PBXGroup section */
		BEFAFA651D10B25600DADE3F = {
			isa = PBXGroup;
			children = (
				BEFAFA701D10B25600DADE3F /* ShoeBoxCloudKitUpdater */,
				BEFAFA6F1D10B25600DADE3F /* Products */,
			);
			sourceTree = "<group>";
		};
		BEFAFA6F1D10B25600DADE3F /* Products */ = {
			isa = PBXGroup;
			children = (
				BEFAFA6E1D10B25600DADE3F /* ShoeBoxCloudKitUpdater */,
			);
			name = Products;
			sourceTree = "<group>";
		};
		BEFAFA701D10B25600DADE3F /* ShoeBoxCloudKitUpdater */ = {
			isa = PBXGroup;
			children = (
				BEFAFA711D10B25600DADE3F /* main.swift */,
			);
			path = ShoeBoxCloudKitUpdater;
			sourceTree = "<group>";
		};
/* End PBXGroup section */

/* Begin PBXNativeTarget section */
		BEFAFA6D1D10B25600DADE3F /* ShoeBoxCloudKitUpdater */ = {
			isa = PBXNativeTarget;
			buildConfigurationList = BEFAFA751D10B25600DADE3F /* Build configuration list for PBXNativeTarget "ShoeBoxCloudKitUpdater" */;
			buildPhases = (
				BEFAFA6A1D10B25600DADE3F /* Sources */,
				BEFAFA6B1D10B25600DADE3F /* Frameworks */,
				BEFAFA6C1D10B25600DADE3F /* CopyFiles */,
			);
			buildRules = (
			);
			dependencies = (
			);
			name = ShoeBoxCloudKitUpdater;
			productName = ShoeBoxCloudKitUpdater;
			productReference = BEFAFA6E1D10B25600DADE3F /* ShoeBoxCloudKitUpdater */;
			productType = "com.apple.product-type.tool";
		};
/* End PBXNativeTarget section */

/* Begin PBXProject section */
		BEFAFA661D10B25600DADE3F /* Project object */ = {
			isa = PBXProject;
			attributes = {
				LastSwiftUpdateCheck = 0800;
				LastUpgradeCheck = 0800;
				ORGANIZATIONNAME = "Jeff Chimney";
				TargetAttributes = {
					BEFAFA6D1D10B25600DADE3F = {
						CreatedOnToolsVersion = 8.0;
						DevelopmentTeam = JSZY8AYXNH;
						DevelopmentTeamName = "Jason Chimney";
						ProvisioningStyle = Automatic;
					};
				};
			};
			buildConfigurationList = BEFAFA691D10B25600DADE3F /* Build configuration list for PBXProject "ShoeBoxCloudKitUpdater" */;
			compatibilityVersion = "Xcode 3.2";
			developmentRegion = English;
			hasScannedForEncodings = 0;
			knownRegions = (
				en,
			);
			mainGroup = BEFAFA651D10B25600DADE3F;
			productRefGroup = BEFAFA6F1D10B25600DADE3F /* Products */;
			projectDirPath = "";
			projectRoot = "";
			targets = (
				BEFAFA6D1D10B25600DADE3F /* ShoeBoxCloudKitUpdater */,
			);
		};
/* End PBXProject section */

/* Begin PBXSourcesBuildPhase section */
		BEFAFA6A1D10B25600DADE3F /* Sources */ = {
			isa = PBXSourcesBuildPhase;
			buildActionMask = 2147483647;
			files = (
				BEFAFA721D10B25600DADE3F /* main.swift in Sources */,
			);
			runOnlyForDeploymentPostprocessing = 0;
		};
/* End PBXSourcesBuildPhase section */

/* Begin XCBuildConfiguration section */
		BEFAFA731D10B25600DADE3F /* Debug */ = {
			isa = XCBuildConfiguration;
			buildSettings = {
				ALWAYS_SEARCH_USER_PATHS = NO;
				CLANG_ANALYZER_NONNULL = YES;
				CLANG_CXX_LANGUAGE_STANDARD = "gnu++0x";
				CLANG_CXX_LIBRARY = "libc++";
				CLANG_ENABLE_MODULES = YES;
				CLANG_ENABLE_OBJC_ARC = YES;
				CLANG_WARN_BOOL_CONVERSION = YES;
				CLANG_WARN_CONSTANT_CONVERSION = YES;
				CLANG_WARN_DIRECT_OBJC_ISA_USAGE = YES_ERROR;
				CLANG_WARN_DOCUMENTATION_COMMENTS = YES;
				CLANG_WARN_EMPTY_BODY = YES;
				CLANG_WARN_ENUM_CONVERSION = YES;
				CLANG_WARN_INT_CONVERSION = YES;
				CLANG_WARN_OBJC_ROOT_CLASS = YES_ERROR;
				CLANG_WARN_UNREACHABLE_CODE = YES;
				CLANG_WARN__DUPLICATE_METHOD_MATCH = YES;
				CODE_SIGN_IDENTITY = "-";
				COPY_PHASE_STRIP = NO;
				DEBUG_INFORMATION_FORMAT = dwarf;
				ENABLE_STRICT_OBJC_MSGSEND = YES;
				ENABLE_TESTABILITY = YES;
				GCC_C_LANGUAGE_STANDARD = gnu99;
				GCC_DYNAMIC_NO_PIC = NO;
				GCC_NO_COMMON_BLOCKS = YES;
				GCC_OPTIMIZATION_LEVEL = 0;
				GCC_PREPROCESSOR_DEFINITIONS = (
					"DEBUG=1",
					"$(inherited)",
				);
				GCC_WARN_64_TO_32_BIT_CONVERSION = YES;
				GCC_WARN_ABOUT_RETURN_TYPE = YES_ERROR;
				GCC_WARN_UNDECLARED_SELECTOR = YES;
				GCC_WARN_UNINITIALIZED_AUTOS = YES_AGGRESSIVE;
				GCC_WARN_UNUSED_FUNCTION = YES;
				GCC_WARN_UNUSED_VARIABLE = YES;
				MACOSX_DEPLOYMENT_TARGET = 10.11;
				MTL_ENABLE_DEBUG_INFO = YES;
				ONLY_ACTIVE_ARCH = YES;
				SDKROOT = macosx;
				SWIFT_OPTIMIZATION_LEVEL = "-Onone";
			};
			name = Debug;
		};
		BEFAFA741D10B25600DADE3F /* Release */ = {
			isa = XCBuildConfiguration;
			buildSettings = {
				ALWAYS_SEARCH_USER_PATHS = NO;
				CLANG_ANALYZER_NONNULL = YES;
				CLANG_CXX_LANGUAGE_STANDARD = "gnu++0x";
				CLANG_CXX_LIBRARY = "libc++";
				CLANG_ENABLE_MODULES = YES;
				CLANG_ENABLE_OBJC_ARC = YES;
				CLANG_WARN_BOOL_CONVERSION = YES;
				CLANG_WARN_CONSTANT_CONVERSION = YES;
				CLANG_WARN_DIRECT_OBJC_ISA_USAGE = YES_ERROR;
				CLANG_WARN_DOCUMENTATION_COMMENTS = YES;
				CLANG_WARN_EMPTY_BODY = YES;
				CLANG_WARN_ENUM_CONVERSION = YES;
				CLANG_WARN_INT_CONVERSION = YES;
				CLANG_WARN_OBJC_ROOT_CLASS = YES_ERROR;
				CLANG_WARN_UNREACHABLE_CODE = YES;
				CLANG_WARN__DUPLICATE_METHOD_MATCH = YES;
				CODE_SIGN_IDENTITY = "-";
				COPY_PHASE_STRIP = NO;
				DEBUG_INFORMATION_FORMAT = "dwarf-with-dsym";
				ENABLE_NS_ASSERTIONS = NO;
				ENABLE_STRICT_OBJC_MSGSEND = YES;
				GCC_C_LANGUAGE_STANDARD = gnu99;
				GCC_NO_COMMON_BLOCKS = YES;
				GCC_WARN_64_TO_32_BIT_CONVERSION = YES;
				GCC_WARN_ABOUT_RETURN_TYPE = YES_ERROR;
				GCC_WARN_UNDECLARED_SELECTOR = YES;
				GCC_WARN_UNINITIALIZED_AUTOS = YES_AGGRESSIVE;
				GCC_WARN_UNUSED_FUNCTION = YES;
				GCC_WARN_UNUSED_VARIABLE = YES;
				MACOSX_DEPLOYMENT_TARGET = 10.11;
				MTL_ENABLE_DEBUG_INFO = NO;
				SDKROOT = macosx;
			};
			name = Release;
		};
		BEFAFA761D10B25600DADE3F /* Debug */ = {
			isa = XCBuildConfiguration;
			buildSettings = {
				PRODUCT_NAME = "$(TARGET_NAME)";
			};
			name = Debug;
		};
		BEFAFA771D10B25600DADE3F /* Release */ = {
			isa = XCBuildConfiguration;
			buildSettings = {
				PRODUCT_NAME = "$(TARGET_NAME)";
			};
			name = Release;
		};
/* End XCBuildConfiguration section */

/* Begin XCConfigurationList section */
		BEFAFA691D10B25600DADE3F /* Build configuration list for PBXProject "ShoeBoxCloudKitUpdater" */ = {
			isa = XCConfigurationList;
			buildConfigurations = (
				BEFAFA731D10B25600DADE3F /* Debug */,
				BEFAFA741D10B25600DADE3F /* Release */,
			);
			defaultConfigurationIsVisible = 0;
			defaultConfigurationName = Release;
		};
		BEFAFA751D10B25600DADE3F /* Build configuration list for PBXNativeTarget "ShoeBoxCloudKitUpdater" */ = {
			isa = XCConfigurationList;
			buildConfigurations = (
				BEFAFA761D10B25600DADE3F /* Debug */,
				BEFAFA771D10B25600DADE3F /* Release */,
			);
			defaultConfigurationIsVisible = 0;
		};
/* End XCConfigurationList section */
	};
	rootObject = BEFAFA661D10B25600DADE3F /* Project object */;
}
